
Microsoft Visual Studio Solution File, Format Version 12.00
# Visual Studio Version 16
VisualStudioVersion = 16.0.31424.327
MinimumVisualStudioVersion = 10.0.40219.1
Project("{FAE04EC0-301F-11D3-BF4B-00C04F79EFBC}") = "HolaMundo_Primer_Programa", "HolaMundo_Primer_Programa\HolaMundo_Primer_Programa.csproj", "{E39941E5-3357-43C2-93DF-43D4F6CB3938}"
EndProject
Global
	GlobalSection(SolutionConfigurationPlatforms) = preSolution
		Debug|Any CPU = Debug|Any CPU
		Release|Any CPU = Release|Any CPU
	EndGlobalSection
	GlobalSection(ProjectConfigurationPlatforms) = postSolution
		{E39941E5-3357-43C2-93DF-43D4F6CB3938}.Debug|Any CPU.ActiveCfg = Debug|Any CPU
		{E39941E5-3357-43C2-93DF-43D4F6CB3938}.Debug|Any CPU.Build.0 = Debug|Any CPU
		{E39941E5-3357-43C2-93DF-43D4F6CB3938}.Release|Any CPU.ActiveCfg = Release|Any CPU
		{E39941E5-3357-43C2-93DF-43D4F6CB3938}.Release|Any CPU.Build.0 = Release|Any CPU
	EndGlobalSection
	GlobalSection(SolutionProperties) = preSolution
		HideSolutionNode = FALSE
	EndGlobalSection
	GlobalSection(ExtensibilityGlobals) = postSolution
		SolutionGuid = {32352786-FA6C-48D2-B859-FD33699B9C27}
	EndGlobalSection
EndGlobal
